<?xml version="1.0" encoding="utf-8"?>
<Project ToolsVersion="4.0" xmlns="http://schemas.microsoft.com/developer/msbuild/2003">
  <ItemGroup>
    <Filter Include="ソース ファイル">
      <UniqueIdentifier>{4FC737F1-C7A5-4376-A066-2A32D752A2FF}</UniqueIdentifier>
      <Extensions>cpp;c;cc;cxx;c++;cppm;ixx;def;odl;idl;hpj;bat;asm;asmx</Extensions>
    </Filter>
    <Filter Include="ヘッダー ファイル">
      <UniqueIdentifier>{93995380-89BD-4b04-88EB-625FBE52EBFB}</UniqueIdentifier>
      <Extensions>h;hh;hpp;hxx;h++;hm;inl;inc;ipp;xsd</Extensions>
    </Filter>
    <Filter Include="リソース ファイル">
      <UniqueIdentifier>{67DA6AB6-F800-4c08-8B7A-83BB121AAD01}</UniqueIdentifier>
      <Extensions>rc;ico;cur;bmp;dlg;rc2;rct;bin;rgs;gif;jpg;jpeg;jpe;resx;tiff;tif;png;wav;mfcribbon-ms</Extensions>
    </Filter>
  </ItemGroup>
  <ItemGroup>
    <ClInclude Include="MLTDABD.h">
      <Filter>ヘッダー ファイル</Filter>
    </ClInclude>
    <ClInclude Include="MLTDABDDlg.h">
      <Filter>ヘッダー ファイル</Filter>
    </ClInclude>
    <ClInclude Include="framework.h">
      <Filter>ヘッダー ファイル</Filter>
    </ClInclude>
    <ClInclude Include="targetver.h">
      <Filter>ヘッダー ファイル</Filter>
    </ClInclude>
    <ClInclude Include="Resource.h">
      <Filter>ヘッダー ファイル</Filter>
    </ClInclude>
    <ClInclude Include="pch.h">
      <Filter>ヘッダー ファイル</Filter>
    </ClInclude>
    <ClInclude Include="MLTDABD.common.h">
      <Filter>ヘッダー ファイル</Filter>
    </ClInclude>
    <ClInclude Include="PROGRESSDLG.h">
      <Filter>ヘッダー ファイル</Filter>
    </ClInclude>
  </ItemGroup>
  <ItemGroup>
    <ClCompile Include="MLTDABD.cpp">
      <Filter>ソース ファイル</Filter>
    </ClCompile>
    <ClCompile Include="MLTDABDDlg.cpp">
      <Filter>ソース ファイル</Filter>
    </ClCompile>
    <ClCompile Include="pch.cpp">
      <Filter>ソース ファイル</Filter>
    </ClCompile>
    <ClCompile Include="MLTDABD.common.cpp">
      <Filter>ソース ファイル</Filter>
    </ClCompile>
    <ClCompile Include="PROGRESSDLG.cpp">
      <Filter>ソース ファイル</Filter>
    </ClCompile>
  </ItemGroup>
  <ItemGroup>
    <ResourceCompile Include="MLTDABD.rc">
      <Filter>リソース ファイル</Filter>
    </ResourceCompile>
  </ItemGroup>
  <ItemGroup>
    <None Include="res\MLTDABD.rc2">
      <Filter>リソース ファイル</Filter>
    </None>
    <None Include="res\aero_link.cur">
      <Filter>リソース ファイル</Filter>
    </None>
    <None Include="res\wave1.bin">
      <Filter>リソース ファイル</Filter>
    </None>
  </ItemGroup>
  <ItemGroup>
    <Image Include="res\MLTDABD.ico">
      <Filter>リソース ファイル</Filter>
    </Image>
    <Image Include="res\mltd_logo.bmp">
      <Filter>リソース ファイル</Filter>
    </Image>
    <Image Include="res\pg-hrk.bmp">
      <Filter>リソース ファイル</Filter>
    </Image>
    <Image Include="res\ML.ico">
      <Filter>リソース ファイル</Filter>
    </Image>
    <Image Include="res\logo_project_imas.bmp">
      <Filter>リソース ファイル</Filter>
    </Image>
  </ItemGroup>
  <ItemGroup>
    <Media Include="res\sound_har_se_ddr.wav">
      <Filter>リソース ファイル</Filter>
    </Media>
    <Media Include="res\sound_har_se_dome.wav">
      <Filter>リソース ファイル</Filter>
    </Media>
    <Media Include="res\sound_har_se_nnt.wav">
      <Filter>リソース ファイル</Filter>
    </Media>
    <Media Include="res\sound_har_se_pkr.wav">
      <Filter>リソース ファイル</Filter>
    </Media>
    <Media Include="res\sound_har_se_prd.wav">
      <Filter>リソース ファイル</Filter>
    </Media>
    <Media Include="res\IDR_WAVE_HRK_DOM.wav">
      <Filter>リソース ファイル</Filter>
    </Media>
  </ItemGroup>
</Project>